
Microsoft Visual Studio Solution File, Format Version 12.00
# Visual Studio Version 16
VisualStudioVersion = 16.0.29306.81
MinimumVisualStudioVersion = 10.0.40219.1
Project("{FAE04EC0-301F-11D3-BF4B-00C04F79EFBC}") = "CustomXmlToJSONConvertor", "CustomXmlToJSONConvertor\CustomXmlToJSONConvertor.csproj", "{FB0B30F6-C7F1-4543-953A-1113F7A8CE9E}"
EndProject
Global
	GlobalSection(SolutionConfigurationPlatforms) = preSolution
		Debug|Any CPU = Debug|Any CPU
		Release|Any CPU = Release|Any CPU
	EndGlobalSection
	GlobalSection(ProjectConfigurationPlatforms) = postSolution
		{FB0B30F6-C7F1-4543-953A-1113F7A8CE9E}.Debug|Any CPU.ActiveCfg = Debug|Any CPU
		{FB0B30F6-C7F1-4543-953A-1113F7A8CE9E}.Debug|Any CPU.Build.0 = Debug|Any CPU
		{FB0B30F6-C7F1-4543-953A-1113F7A8CE9E}.Release|Any CPU.ActiveCfg = Release|Any CPU
		{FB0B30F6-C7F1-4543-953A-1113F7A8CE9E}.Release|Any CPU.Build.0 = Release|Any CPU
	EndGlobalSection
	GlobalSection(SolutionProperties) = preSolution
		HideSolutionNode = FALSE
	EndGlobalSection
	GlobalSection(ExtensibilityGlobals) = postSolution
		SolutionGuid = {56D7D127-230E-4962-A941-7D7F4BF74D04}
	EndGlobalSection
EndGlobal
